
Microsoft Visual Studio Solution File, Format Version 11.00
# Visual Studio 2010
Project("{F184B08F-C81C-45F6-A57F-5ABD9991F28F}") = "Actions2EventsMapping", "Actions2EventsMapping\Actions2EventsMapping.vbproj", "{AC155C0B-2140-4DB1-A301-DA3EF1790D7C}"
EndProject
Project("{F184B08F-C81C-45F6-A57F-5ABD9991F28F}") = "Actions2EventsMapping.Test", "Actions2EventsMapping.Test\Actions2EventsMapping.Test.vbproj", "{9E239938-CE92-4A9F-860A-465F6FCB0CCC}"
EndProject
Project("{2150E333-8FDC-42A3-9474-1A3956D46DE8}") = "Solution Items", "Solution Items", "{E6B8CBC4-76DA-4610-A332-910EA9CCE4AA}"
	ProjectSection(SolutionItems) = preProject
		Actions2EventsMapping.vsmdi = Actions2EventsMapping.vsmdi
		Local.testsettings = Local.testsettings
		TraceAndTestImpact.testsettings = TraceAndTestImpact.testsettings
	EndProjectSection
EndProject
Global
	GlobalSection(TestCaseManagementSettings) = postSolution
		CategoryFile = Actions2EventsMapping.vsmdi
	EndGlobalSection
	GlobalSection(SolutionConfigurationPlatforms) = preSolution
		Debug|Any CPU = Debug|Any CPU
		Debug|Mixed Platforms = Debug|Mixed Platforms
		Debug|x86 = Debug|x86
		Release|Any CPU = Release|Any CPU
		Release|Mixed Platforms = Release|Mixed Platforms
		Release|x86 = Release|x86
	EndGlobalSection
	GlobalSection(ProjectConfigurationPlatforms) = postSolution
		{AC155C0B-2140-4DB1-A301-DA3EF1790D7C}.Debug|Any CPU.ActiveCfg = Debug|x86
		{AC155C0B-2140-4DB1-A301-DA3EF1790D7C}.Debug|Mixed Platforms.ActiveCfg = Debug|x86
		{AC155C0B-2140-4DB1-A301-DA3EF1790D7C}.Debug|Mixed Platforms.Build.0 = Debug|x86
		{AC155C0B-2140-4DB1-A301-DA3EF1790D7C}.Debug|x86.ActiveCfg = Debug|x86
		{AC155C0B-2140-4DB1-A301-DA3EF1790D7C}.Debug|x86.Build.0 = Debug|x86
		{AC155C0B-2140-4DB1-A301-DA3EF1790D7C}.Release|Any CPU.ActiveCfg = Release|x86
		{AC155C0B-2140-4DB1-A301-DA3EF1790D7C}.Release|Mixed Platforms.ActiveCfg = Release|x86
		{AC155C0B-2140-4DB1-A301-DA3EF1790D7C}.Release|Mixed Platforms.Build.0 = Release|x86
		{AC155C0B-2140-4DB1-A301-DA3EF1790D7C}.Release|x86.ActiveCfg = Release|x86
		{AC155C0B-2140-4DB1-A301-DA3EF1790D7C}.Release|x86.Build.0 = Release|x86
		{9E239938-CE92-4A9F-860A-465F6FCB0CCC}.Debug|Any CPU.ActiveCfg = Debug|Any CPU
		{9E239938-CE92-4A9F-860A-465F6FCB0CCC}.Debug|Any CPU.Build.0 = Debug|Any CPU
		{9E239938-CE92-4A9F-860A-465F6FCB0CCC}.Debug|Mixed Platforms.ActiveCfg = Debug|Any CPU
		{9E239938-CE92-4A9F-860A-465F6FCB0CCC}.Debug|Mixed Platforms.Build.0 = Debug|Any CPU
		{9E239938-CE92-4A9F-860A-465F6FCB0CCC}.Debug|x86.ActiveCfg = Debug|Any CPU
		{9E239938-CE92-4A9F-860A-465F6FCB0CCC}.Release|Any CPU.ActiveCfg = Release|Any CPU
		{9E239938-CE92-4A9F-860A-465F6FCB0CCC}.Release|Any CPU.Build.0 = Release|Any CPU
		{9E239938-CE92-4A9F-860A-465F6FCB0CCC}.Release|Mixed Platforms.ActiveCfg = Release|Any CPU
		{9E239938-CE92-4A9F-860A-465F6FCB0CCC}.Release|Mixed Platforms.Build.0 = Release|Any CPU
		{9E239938-CE92-4A9F-860A-465F6FCB0CCC}.Release|x86.ActiveCfg = Release|Any CPU
	EndGlobalSection
	GlobalSection(SolutionProperties) = preSolution
		HideSolutionNode = FALSE
	EndGlobalSection
EndGlobal
